
Microsoft Visual Studio Solution File, Format Version 12.00
# Visual Studio Version 17
VisualStudioVersion = 17.4.33213.308
MinimumVisualStudioVersion = 10.0.40219.1
Project("{8BC9CEB8-8B4A-11D0-8D11-00A0C91BC942}") = "ConsoleApplication1", "ConsoleApplication1\ConsoleApplication1.vcxproj", "{5D369A9E-FC34-406D-A386-A9D60AB8ECEB}"
EndProject
Global
	GlobalSection(SolutionConfigurationPlatforms) = preSolution
		Debug|x64 = Debug|x64
		Debug|x86 = Debug|x86
		Release|x64 = Release|x64
		Release|x86 = Release|x86
	EndGlobalSection
	GlobalSection(ProjectConfigurationPlatforms) = postSolution
		{5D369A9E-FC34-406D-A386-A9D60AB8ECEB}.Debug|x64.ActiveCfg = Debug|x64
		{5D369A9E-FC34-406D-A386-A9D60AB8ECEB}.Debug|x64.Build.0 = Debug|x64
		{5D369A9E-FC34-406D-A386-A9D60AB8ECEB}.Debug|x86.ActiveCfg = Debug|Win32
		{5D369A9E-FC34-406D-A386-A9D60AB8ECEB}.Debug|x86.Build.0 = Debug|Win32
		{5D369A9E-FC34-406D-A386-A9D60AB8ECEB}.Release|x64.ActiveCfg = Release|x64
		{5D369A9E-FC34-406D-A386-A9D60AB8ECEB}.Release|x64.Build.0 = Release|x64
		{5D369A9E-FC34-406D-A386-A9D60AB8ECEB}.Release|x86.ActiveCfg = Release|Win32
		{5D369A9E-FC34-406D-A386-A9D60AB8ECEB}.Release|x86.Build.0 = Release|Win32
	EndGlobalSection
	GlobalSection(SolutionProperties) = preSolution
		HideSolutionNode = FALSE
	EndGlobalSection
	GlobalSection(ExtensibilityGlobals) = postSolution
		SolutionGuid = {62AB5E82-9EE3-4D0E-BB0B-96077BE857F4}
	EndGlobalSection
EndGlobal
